
Microsoft Visual Studio Solution File, Format Version 12.00
# Visual Studio Version 17
VisualStudioVersion = 17.2.32516.85
MinimumVisualStudioVersion = 10.0.40219.1
Project("{9A19103F-16F7-4668-BE54-9A1E7A4F7556}") = "AdapterPattern", "AdapterPattern\AdapterPattern.csproj", "{6B0CCB05-0CAF-4F5C-B3C3-54DE2E7E0DB8}"
EndProject
Project("{9A19103F-16F7-4668-BE54-9A1E7A4F7556}") = "Singleton", "Singleton\Singleton.csproj", "{F8CE9176-644E-40C6-94CB-E9D90ECD8EB7}"
EndProject
Project("{9A19103F-16F7-4668-BE54-9A1E7A4F7556}") = "SingletonTests", "SingletonTests\SingletonTests.csproj", "{3FF78501-283B-47D8-BF18-A2B0C9227121}"
EndProject
Project("{FAE04EC0-301F-11D3-BF4B-00C04F79EFBC}") = "MarineApplication", "MarineApplication\MarineApplication.csproj", "{40A1CDD7-CD56-4EA5-A46D-2781FAC3BCCA}"
EndProject
Project("{FAE04EC0-301F-11D3-BF4B-00C04F79EFBC}") = "WywalMnie", "WywalMnie\WywalMnie.csproj", "{6689E9F6-068B-40A8-9E0C-8A12045DF302}"
EndProject
Global
	GlobalSection(SolutionConfigurationPlatforms) = preSolution
		Debug|Any CPU = Debug|Any CPU
		Release|Any CPU = Release|Any CPU
	EndGlobalSection
	GlobalSection(ProjectConfigurationPlatforms) = postSolution
		{6B0CCB05-0CAF-4F5C-B3C3-54DE2E7E0DB8}.Debug|Any CPU.ActiveCfg = Debug|Any CPU
		{6B0CCB05-0CAF-4F5C-B3C3-54DE2E7E0DB8}.Debug|Any CPU.Build.0 = Debug|Any CPU
		{6B0CCB05-0CAF-4F5C-B3C3-54DE2E7E0DB8}.Release|Any CPU.ActiveCfg = Release|Any CPU
		{6B0CCB05-0CAF-4F5C-B3C3-54DE2E7E0DB8}.Release|Any CPU.Build.0 = Release|Any CPU
		{F8CE9176-644E-40C6-94CB-E9D90ECD8EB7}.Debug|Any CPU.ActiveCfg = Debug|Any CPU
		{F8CE9176-644E-40C6-94CB-E9D90ECD8EB7}.Debug|Any CPU.Build.0 = Debug|Any CPU
		{F8CE9176-644E-40C6-94CB-E9D90ECD8EB7}.Release|Any CPU.ActiveCfg = Release|Any CPU
		{F8CE9176-644E-40C6-94CB-E9D90ECD8EB7}.Release|Any CPU.Build.0 = Release|Any CPU
		{3FF78501-283B-47D8-BF18-A2B0C9227121}.Debug|Any CPU.ActiveCfg = Debug|Any CPU
		{3FF78501-283B-47D8-BF18-A2B0C9227121}.Debug|Any CPU.Build.0 = Debug|Any CPU
		{3FF78501-283B-47D8-BF18-A2B0C9227121}.Release|Any CPU.ActiveCfg = Release|Any CPU
		{3FF78501-283B-47D8-BF18-A2B0C9227121}.Release|Any CPU.Build.0 = Release|Any CPU
		{40A1CDD7-CD56-4EA5-A46D-2781FAC3BCCA}.Debug|Any CPU.ActiveCfg = Debug|Any CPU
		{40A1CDD7-CD56-4EA5-A46D-2781FAC3BCCA}.Debug|Any CPU.Build.0 = Debug|Any CPU
		{40A1CDD7-CD56-4EA5-A46D-2781FAC3BCCA}.Release|Any CPU.ActiveCfg = Release|Any CPU
		{40A1CDD7-CD56-4EA5-A46D-2781FAC3BCCA}.Release|Any CPU.Build.0 = Release|Any CPU
		{6689E9F6-068B-40A8-9E0C-8A12045DF302}.Debug|Any CPU.ActiveCfg = Debug|Any CPU
		{6689E9F6-068B-40A8-9E0C-8A12045DF302}.Debug|Any CPU.Build.0 = Debug|Any CPU
		{6689E9F6-068B-40A8-9E0C-8A12045DF302}.Release|Any CPU.ActiveCfg = Release|Any CPU
		{6689E9F6-068B-40A8-9E0C-8A12045DF302}.Release|Any CPU.Build.0 = Release|Any CPU
	EndGlobalSection
	GlobalSection(SolutionProperties) = preSolution
		HideSolutionNode = FALSE
	EndGlobalSection
	GlobalSection(ExtensibilityGlobals) = postSolution
		SolutionGuid = {F2E4CEFB-AB30-4686-B268-E3B959500C55}
	EndGlobalSection
EndGlobal
